
Microsoft Visual Studio Solution File, Format Version 12.00
# Visual Studio Version 17
VisualStudioVersion = 17.1.32421.90
MinimumVisualStudioVersion = 10.0.40219.1
Project("{FAE04EC0-301F-11D3-BF4B-00C04F79EFBC}") = "PoissonFootball", "PoissonFootball\PoissonFootball.csproj", "{9DEAB226-B716-4685-B912-A1A03B4A48CC}"
EndProject
Global
	GlobalSection(SolutionConfigurationPlatforms) = preSolution
		Debug|Any CPU = Debug|Any CPU
		Release|Any CPU = Release|Any CPU
	EndGlobalSection
	GlobalSection(ProjectConfigurationPlatforms) = postSolution
		{9DEAB226-B716-4685-B912-A1A03B4A48CC}.Debug|Any CPU.ActiveCfg = Debug|Any CPU
		{9DEAB226-B716-4685-B912-A1A03B4A48CC}.Debug|Any CPU.Build.0 = Debug|Any CPU
		{9DEAB226-B716-4685-B912-A1A03B4A48CC}.Release|Any CPU.ActiveCfg = Release|Any CPU
		{9DEAB226-B716-4685-B912-A1A03B4A48CC}.Release|Any CPU.Build.0 = Release|Any CPU
	EndGlobalSection
	GlobalSection(SolutionProperties) = preSolution
		HideSolutionNode = FALSE
	EndGlobalSection
	GlobalSection(ExtensibilityGlobals) = postSolution
		SolutionGuid = {FFCF0A0A-CAF4-46AC-BE13-70B97D577D16}
	EndGlobalSection
EndGlobal
